
Microsoft Visual Studio Solution File, Format Version 12.00
# Visual Studio Version 17
VisualStudioVersion = 17.5.33627.172
MinimumVisualStudioVersion = 10.0.40219.1
Project("{FAE04EC0-301F-11D3-BF4B-00C04F79EFBC}") = "BP's Level Generator", "BP's Level Generator\BP's Level Generator.csproj", "{4E67D738-6AEB-4B96-A2EF-BDEE01B6FDCF}"
EndProject
Global
	GlobalSection(SolutionConfigurationPlatforms) = preSolution
		Debug|Any CPU = Debug|Any CPU
		Release|Any CPU = Release|Any CPU
	EndGlobalSection
	GlobalSection(ProjectConfigurationPlatforms) = postSolution
		{4E67D738-6AEB-4B96-A2EF-BDEE01B6FDCF}.Debug|Any CPU.ActiveCfg = Debug|Any CPU
		{4E67D738-6AEB-4B96-A2EF-BDEE01B6FDCF}.Debug|Any CPU.Build.0 = Debug|Any CPU
		{4E67D738-6AEB-4B96-A2EF-BDEE01B6FDCF}.Release|Any CPU.ActiveCfg = Release|Any CPU
		{4E67D738-6AEB-4B96-A2EF-BDEE01B6FDCF}.Release|Any CPU.Build.0 = Release|Any CPU
	EndGlobalSection
	GlobalSection(SolutionProperties) = preSolution
		HideSolutionNode = FALSE
	EndGlobalSection
	GlobalSection(ExtensibilityGlobals) = postSolution
		SolutionGuid = {8A4491AB-747C-4F16-B658-DC9C7E5B4090}
	EndGlobalSection
EndGlobal
